
Microsoft Visual Studio Solution File, Format Version 12.00
# Visual Studio Version 17
VisualStudioVersion = 17.0.32112.339
MinimumVisualStudioVersion = 10.0.40219.1
Project("{9A19103F-16F7-4668-BE54-9A1E7A4F7556}") = "Gunetberg.Api", "src\Gunetberg.Api\Gunetberg.Api.csproj", "{AC94F5DB-847D-4C8E-BA0C-5169458F619D}"
EndProject
Project("{9A19103F-16F7-4668-BE54-9A1E7A4F7556}") = "Gunetberg.Application", "src\Gunetberg.Application\Gunetberg.Application.csproj", "{B65B709C-4CC1-4A4C-A2A1-9111A9F459B7}"
EndProject
Project("{9A19103F-16F7-4668-BE54-9A1E7A4F7556}") = "Gunetberg.Domain", "src\Gunetberg.Domain\Gunetberg.Domain.csproj", "{C141DE7F-65BF-4A20-B4D7-4D5D0C9BB73F}"
EndProject
Project("{9A19103F-16F7-4668-BE54-9A1E7A4F7556}") = "Gunetberg.Host", "src\Gunetberg.Host\Gunetberg.Host.csproj", "{C1026678-4D9E-4693-9E90-741B9B1B6419}"
EndProject
Project("{9A19103F-16F7-4668-BE54-9A1E7A4F7556}") = "Gunetberg.Port", "src\Gunetberg.Port\Gunetberg.Port.csproj", "{1DE96BE9-32EB-4334-ACF7-154AA8904AD9}"
EndProject
Project("{9A19103F-16F7-4668-BE54-9A1E7A4F7556}") = "Gunetberg.Repository", "src\Gunetberg.Repository\Gunetberg.Repository.csproj", "{12BDCA95-A959-4643-A2C1-088AF0E5DE43}"
EndProject
Project("{9A19103F-16F7-4668-BE54-9A1E7A4F7556}") = "Gunetberg.Client", "src\Gunetberg.Client\Gunetberg.Client.csproj", "{2A3BA549-3377-43B2-970E-AC709B7B1BB3}"
EndProject
Project("{9A19103F-16F7-4668-BE54-9A1E7A4F7556}") = "Gunetberg.Cli", "src\Gunetberg.Cli\Gunetberg.Cli.csproj", "{C2161493-FBD6-440A-AA6C-1D0EFF5B1A9F}"
EndProject
Project("{2150E333-8FDC-42A3-9474-1A3956D46DE8}") = "workflows", "workflows", "{B14DFF51-8032-4F47-9F9D-9D4C4948562A}"
	ProjectSection(SolutionItems) = preProject
		.github\workflows\gunetberg-build.yaml = .github\workflows\gunetberg-build.yaml
		.github\workflows\gunetberg-image.yaml = .github\workflows\gunetberg-image.yaml
	EndProjectSection
EndProject
Project("{2150E333-8FDC-42A3-9474-1A3956D46DE8}") = "deploy", "deploy", "{AE5111DD-0319-4590-9299-4177FB012EBE}"
	ProjectSection(SolutionItems) = preProject
		docker-compose.yml = docker-compose.yml
		Dockerfile.build = Dockerfile.build
		Dockerfile.deploy = Dockerfile.deploy
	EndProjectSection
EndProject
Project("{FAE04EC0-301F-11D3-BF4B-00C04F79EFBC}") = "Gunetberg.Test", "src\Gunetberg.Test\Gunetberg.Test\Gunetberg.Test.csproj", "{18842D00-0416-4524-8E90-6D60AF624C34}"
EndProject
Project("{2150E333-8FDC-42A3-9474-1A3956D46DE8}") = "Solution Items", "Solution Items", "{138B625E-6B16-4C30-AC9C-DC4B64CD1DA9}"
	ProjectSection(SolutionItems) = preProject
		README.md = README.md
	EndProjectSection
EndProject
Global
	GlobalSection(SolutionConfigurationPlatforms) = preSolution
		Debug|Any CPU = Debug|Any CPU
		Release|Any CPU = Release|Any CPU
	EndGlobalSection
	GlobalSection(ProjectConfigurationPlatforms) = postSolution
		{AC94F5DB-847D-4C8E-BA0C-5169458F619D}.Debug|Any CPU.ActiveCfg = Debug|Any CPU
		{AC94F5DB-847D-4C8E-BA0C-5169458F619D}.Debug|Any CPU.Build.0 = Debug|Any CPU
		{AC94F5DB-847D-4C8E-BA0C-5169458F619D}.Release|Any CPU.ActiveCfg = Release|Any CPU
		{AC94F5DB-847D-4C8E-BA0C-5169458F619D}.Release|Any CPU.Build.0 = Release|Any CPU
		{B65B709C-4CC1-4A4C-A2A1-9111A9F459B7}.Debug|Any CPU.ActiveCfg = Debug|Any CPU
		{B65B709C-4CC1-4A4C-A2A1-9111A9F459B7}.Debug|Any CPU.Build.0 = Debug|Any CPU
		{B65B709C-4CC1-4A4C-A2A1-9111A9F459B7}.Release|Any CPU.ActiveCfg = Release|Any CPU
		{B65B709C-4CC1-4A4C-A2A1-9111A9F459B7}.Release|Any CPU.Build.0 = Release|Any CPU
		{C141DE7F-65BF-4A20-B4D7-4D5D0C9BB73F}.Debug|Any CPU.ActiveCfg = Debug|Any CPU
		{C141DE7F-65BF-4A20-B4D7-4D5D0C9BB73F}.Debug|Any CPU.Build.0 = Debug|Any CPU
		{C141DE7F-65BF-4A20-B4D7-4D5D0C9BB73F}.Release|Any CPU.ActiveCfg = Release|Any CPU
		{C141DE7F-65BF-4A20-B4D7-4D5D0C9BB73F}.Release|Any CPU.Build.0 = Release|Any CPU
		{C1026678-4D9E-4693-9E90-741B9B1B6419}.Debug|Any CPU.ActiveCfg = Debug|Any CPU
		{C1026678-4D9E-4693-9E90-741B9B1B6419}.Debug|Any CPU.Build.0 = Debug|Any CPU
		{C1026678-4D9E-4693-9E90-741B9B1B6419}.Release|Any CPU.ActiveCfg = Release|Any CPU
		{C1026678-4D9E-4693-9E90-741B9B1B6419}.Release|Any CPU.Build.0 = Release|Any CPU
		{1DE96BE9-32EB-4334-ACF7-154AA8904AD9}.Debug|Any CPU.ActiveCfg = Debug|Any CPU
		{1DE96BE9-32EB-4334-ACF7-154AA8904AD9}.Debug|Any CPU.Build.0 = Debug|Any CPU
		{1DE96BE9-32EB-4334-ACF7-154AA8904AD9}.Release|Any CPU.ActiveCfg = Release|Any CPU
		{1DE96BE9-32EB-4334-ACF7-154AA8904AD9}.Release|Any CPU.Build.0 = Release|Any CPU
		{12BDCA95-A959-4643-A2C1-088AF0E5DE43}.Debug|Any CPU.ActiveCfg = Debug|Any CPU
		{12BDCA95-A959-4643-A2C1-088AF0E5DE43}.Debug|Any CPU.Build.0 = Debug|Any CPU
		{12BDCA95-A959-4643-A2C1-088AF0E5DE43}.Release|Any CPU.ActiveCfg = Release|Any CPU
		{12BDCA95-A959-4643-A2C1-088AF0E5DE43}.Release|Any CPU.Build.0 = Release|Any CPU
		{2A3BA549-3377-43B2-970E-AC709B7B1BB3}.Debug|Any CPU.ActiveCfg = Debug|Any CPU
		{2A3BA549-3377-43B2-970E-AC709B7B1BB3}.Debug|Any CPU.Build.0 = Debug|Any CPU
		{2A3BA549-3377-43B2-970E-AC709B7B1BB3}.Release|Any CPU.ActiveCfg = Release|Any CPU
		{2A3BA549-3377-43B2-970E-AC709B7B1BB3}.Release|Any CPU.Build.0 = Release|Any CPU
		{C2161493-FBD6-440A-AA6C-1D0EFF5B1A9F}.Debug|Any CPU.ActiveCfg = Debug|Any CPU
		{C2161493-FBD6-440A-AA6C-1D0EFF5B1A9F}.Debug|Any CPU.Build.0 = Debug|Any CPU
		{C2161493-FBD6-440A-AA6C-1D0EFF5B1A9F}.Release|Any CPU.ActiveCfg = Release|Any CPU
		{C2161493-FBD6-440A-AA6C-1D0EFF5B1A9F}.Release|Any CPU.Build.0 = Release|Any CPU
		{18842D00-0416-4524-8E90-6D60AF624C34}.Debug|Any CPU.ActiveCfg = Debug|Any CPU
		{18842D00-0416-4524-8E90-6D60AF624C34}.Debug|Any CPU.Build.0 = Debug|Any CPU
		{18842D00-0416-4524-8E90-6D60AF624C34}.Release|Any CPU.ActiveCfg = Release|Any CPU
		{18842D00-0416-4524-8E90-6D60AF624C34}.Release|Any CPU.Build.0 = Release|Any CPU
	EndGlobalSection
	GlobalSection(SolutionProperties) = preSolution
		HideSolutionNode = FALSE
	EndGlobalSection
	GlobalSection(ExtensibilityGlobals) = postSolution
		SolutionGuid = {1B398294-34A8-41CC-A0B6-A0CE2EA3EB85}
	EndGlobalSection
EndGlobal
